{
  "requires": true,
  "lockfileVersion": 1,
  "dependencies": {
    "chokidar": {
      "version": "0.6.3",
      "resolved": "https://registry.npmjs.org/chokidar/-/chokidar-0.6.3.tgz",
      "integrity": "sha1-6Flo+iNfIXc9OIxhevCFvyEEQlo="
    },
    "colors": {
      "version": "0.6.0-1",
      "resolved": "https://registry.npmjs.org/colors/-/colors-0.6.0-1.tgz",
      "integrity": "sha1-bbtozri8YPKzE9zFzhWZ8G0Z5no="
    },
    "mkdirp": {
      "version": "0.3.5",
      "resolved": "https://registry.npmjs.org/mkdirp/-/mkdirp-0.3.5.tgz",
      "integrity": "sha1-3j5fiWHIjHh+4TaN+EmsRBPsqNc="
    },
    "node-sass": {
      "version": "0.5.4",
      "resolved": "https://registry.npmjs.org/node-sass/-/node-sass-0.5.4.tgz",
      "integrity": "sha1-JSHYT5pKmvjm+eEpquxvOs+uM8E=",
      "requires": {
        "colors": "0.6.0-1",
        "mkdirp": "0.3.x",
        "optimist": "0.4.x"
      }
    },
    "optimist": {
      "version": "0.4.0",
      "resolved": "https://registry.npmjs.org/optimist/-/optimist-0.4.0.tgz",
      "integrity": "sha1-y47Dfy/jqphky2eidSUOfhliCiU=",
      "requires": {
        "wordwrap": "~0.0.2"
      }
    },
    "sass-watch": {
      "version": "0.1.0",
      "resolved": "https://registry.npmjs.org/sass-watch/-/sass-watch-0.1.0.tgz",
      "integrity": "sha1-KMSjswnnZxCD+lPE4f5ZxzcHdrM=",
      "requires": {
        "chokidar": "~0.6.2",
        "node-sass": "~0.5.2"
      }
    },
    "wordwrap": {
      "version": "0.0.3",
      "resolved": "https://registry.npmjs.org/wordwrap/-/wordwrap-0.0.3.tgz",
      "integrity": "sha1-o9XabNXAvAAI03I0u68b7WMFkQc="
    }
  }
}
